
Microsoft Visual Studio Solution File, Format Version 12.00
# Visual Studio Version 17
VisualStudioVersion = 17.4.33213.308
MinimumVisualStudioVersion = 10.0.40219.1
Project("{9A19103F-16F7-4668-BE54-9A1E7A4F7556}") = "Simcompanies Price Calculator", "Simcompanies Price Calculator\Simcompanies Price Calculator.csproj", "{399B104A-9FC6-4684-8857-47A7AFB59E0B}"
EndProject
Project("{2150E333-8FDC-42A3-9474-1A3956D46DE8}") = "Solution Items", "Solution Items", "{F63C2E1E-9FCD-4EDD-A369-B30DC2C73A6E}"
EndProject
Global
	GlobalSection(SolutionConfigurationPlatforms) = preSolution
		Debug|Any CPU = Debug|Any CPU
		Release|Any CPU = Release|Any CPU
	EndGlobalSection
	GlobalSection(ProjectConfigurationPlatforms) = postSolution
		{399B104A-9FC6-4684-8857-47A7AFB59E0B}.Debug|Any CPU.ActiveCfg = Debug|Any CPU
		{399B104A-9FC6-4684-8857-47A7AFB59E0B}.Debug|Any CPU.Build.0 = Debug|Any CPU
		{399B104A-9FC6-4684-8857-47A7AFB59E0B}.Release|Any CPU.ActiveCfg = Release|Any CPU
		{399B104A-9FC6-4684-8857-47A7AFB59E0B}.Release|Any CPU.Build.0 = Release|Any CPU
	EndGlobalSection
	GlobalSection(SolutionProperties) = preSolution
		HideSolutionNode = FALSE
	EndGlobalSection
	GlobalSection(ExtensibilityGlobals) = postSolution
		SolutionGuid = {761DD28E-342E-4FDD-A834-B970FAC4B3F7}
	EndGlobalSection
EndGlobal
